
Microsoft Visual Studio Solution File, Format Version 12.00
# Visual Studio 14
VisualStudioVersion = 14.0.22823.1
MinimumVisualStudioVersion = 10.0.40219.1
Project("{FAE04EC0-301F-11D3-BF4B-00C04F79EFBC}") = "Concept", "Concept\Concept.csproj", "{F17BC0CA-1A01-457D-8562-146D0B59D2EE}"
EndProject
Project("{FAE04EC0-301F-11D3-BF4B-00C04F79EFBC}") = "Concept.Infrastructure.Common", "Concept.Infrastructure.Common\Concept.Infrastructure.Common.csproj", "{FA00622C-F501-49D6-92AA-799EBD0DEDB7}"
EndProject
Project("{FAE04EC0-301F-11D3-BF4B-00C04F79EFBC}") = "Concept.Domain", "Concept.Domain\Concept.Domain.csproj", "{E43FC308-36D3-4440-9403-892592B5F6DF}"
EndProject
Project("{FAE04EC0-301F-11D3-BF4B-00C04F79EFBC}") = "Concept.Repository.EF", "Concept.Repository.EF\Concept.Repository.EF.csproj", "{A8E9C4B1-89F0-4B57-855A-33C3E99F6E61}"
EndProject
Project("{FAE04EC0-301F-11D3-BF4B-00C04F79EFBC}") = "Concept.Application.Service", "Concept.Application.Service\Concept.Application.Service.csproj", "{001CA550-2CC9-4B7F-8627-0175619E16A8}"
EndProject
Project("{FAE04EC0-301F-11D3-BF4B-00C04F79EFBC}") = "Concept.WebAPI", "Concept.WebAPI\Concept.WebAPI.csproj", "{9BD44E34-1901-4A1D-8828-A19F84A457B7}"
EndProject
Project("{2150E333-8FDC-42A3-9474-1A3956D46DE8}") = "DAL", "DAL", "{E6D08265-EA7F-4B67-A1E7-4339CB037BEA}"
EndProject
Project("{2150E333-8FDC-42A3-9474-1A3956D46DE8}") = "PL", "PL", "{0FEEBA31-9630-4B40-AA99-4851FF40DAA9}"
EndProject
Project("{2150E333-8FDC-42A3-9474-1A3956D46DE8}") = "Domain", "Domain", "{E413BA53-49FB-49C9-B8D2-F5207E52B8FE}"
EndProject
Project("{2150E333-8FDC-42A3-9474-1A3956D46DE8}") = "ApplicationService", "ApplicationService", "{7B44C9F4-6DE6-4032-9FA8-404502A43A30}"
EndProject
Project("{2150E333-8FDC-42A3-9474-1A3956D46DE8}") = "Infrastructure", "Infrastructure", "{E2FB2B20-9489-48E8-A7BC-129DF4A51B0B}"
EndProject
Global
	GlobalSection(SolutionConfigurationPlatforms) = preSolution
		Debug|Any CPU = Debug|Any CPU
		Release|Any CPU = Release|Any CPU
	EndGlobalSection
	GlobalSection(ProjectConfigurationPlatforms) = postSolution
		{F17BC0CA-1A01-457D-8562-146D0B59D2EE}.Debug|Any CPU.ActiveCfg = Debug|Any CPU
		{F17BC0CA-1A01-457D-8562-146D0B59D2EE}.Debug|Any CPU.Build.0 = Debug|Any CPU
		{F17BC0CA-1A01-457D-8562-146D0B59D2EE}.Release|Any CPU.ActiveCfg = Release|Any CPU
		{F17BC0CA-1A01-457D-8562-146D0B59D2EE}.Release|Any CPU.Build.0 = Release|Any CPU
		{FA00622C-F501-49D6-92AA-799EBD0DEDB7}.Debug|Any CPU.ActiveCfg = Debug|Any CPU
		{FA00622C-F501-49D6-92AA-799EBD0DEDB7}.Debug|Any CPU.Build.0 = Debug|Any CPU
		{FA00622C-F501-49D6-92AA-799EBD0DEDB7}.Release|Any CPU.ActiveCfg = Release|Any CPU
		{FA00622C-F501-49D6-92AA-799EBD0DEDB7}.Release|Any CPU.Build.0 = Release|Any CPU
		{E43FC308-36D3-4440-9403-892592B5F6DF}.Debug|Any CPU.ActiveCfg = Debug|Any CPU
		{E43FC308-36D3-4440-9403-892592B5F6DF}.Debug|Any CPU.Build.0 = Debug|Any CPU
		{E43FC308-36D3-4440-9403-892592B5F6DF}.Release|Any CPU.ActiveCfg = Release|Any CPU
		{E43FC308-36D3-4440-9403-892592B5F6DF}.Release|Any CPU.Build.0 = Release|Any CPU
		{A8E9C4B1-89F0-4B57-855A-33C3E99F6E61}.Debug|Any CPU.ActiveCfg = Debug|Any CPU
		{A8E9C4B1-89F0-4B57-855A-33C3E99F6E61}.Debug|Any CPU.Build.0 = Debug|Any CPU
		{A8E9C4B1-89F0-4B57-855A-33C3E99F6E61}.Release|Any CPU.ActiveCfg = Release|Any CPU
		{A8E9C4B1-89F0-4B57-855A-33C3E99F6E61}.Release|Any CPU.Build.0 = Release|Any CPU
		{001CA550-2CC9-4B7F-8627-0175619E16A8}.Debug|Any CPU.ActiveCfg = Debug|Any CPU
		{001CA550-2CC9-4B7F-8627-0175619E16A8}.Debug|Any CPU.Build.0 = Debug|Any CPU
		{001CA550-2CC9-4B7F-8627-0175619E16A8}.Release|Any CPU.ActiveCfg = Release|Any CPU
		{001CA550-2CC9-4B7F-8627-0175619E16A8}.Release|Any CPU.Build.0 = Release|Any CPU
		{9BD44E34-1901-4A1D-8828-A19F84A457B7}.Debug|Any CPU.ActiveCfg = Debug|Any CPU
		{9BD44E34-1901-4A1D-8828-A19F84A457B7}.Debug|Any CPU.Build.0 = Debug|Any CPU
		{9BD44E34-1901-4A1D-8828-A19F84A457B7}.Release|Any CPU.ActiveCfg = Release|Any CPU
		{9BD44E34-1901-4A1D-8828-A19F84A457B7}.Release|Any CPU.Build.0 = Release|Any CPU
	EndGlobalSection
	GlobalSection(SolutionProperties) = preSolution
		HideSolutionNode = FALSE
	EndGlobalSection
	GlobalSection(NestedProjects) = preSolution
		{F17BC0CA-1A01-457D-8562-146D0B59D2EE} = {0FEEBA31-9630-4B40-AA99-4851FF40DAA9}
		{FA00622C-F501-49D6-92AA-799EBD0DEDB7} = {E2FB2B20-9489-48E8-A7BC-129DF4A51B0B}
		{E43FC308-36D3-4440-9403-892592B5F6DF} = {E413BA53-49FB-49C9-B8D2-F5207E52B8FE}
		{A8E9C4B1-89F0-4B57-855A-33C3E99F6E61} = {E6D08265-EA7F-4B67-A1E7-4339CB037BEA}
		{001CA550-2CC9-4B7F-8627-0175619E16A8} = {7B44C9F4-6DE6-4032-9FA8-404502A43A30}
		{9BD44E34-1901-4A1D-8828-A19F84A457B7} = {0FEEBA31-9630-4B40-AA99-4851FF40DAA9}
	EndGlobalSection
EndGlobal
