
Microsoft Visual Studio Solution File, Format Version 12.00
# Visual Studio 14
VisualStudioVersion = 14.0.22823.1
MinimumVisualStudioVersion = 10.0.40219.1
Project("{FAE04EC0-301F-11D3-BF4B-00C04F79EFBC}") = "Concept", "Concept\Concept.csproj", "{F17BC0CA-1A01-457D-8562-146D0B59D2EE}"
EndProject
Project("{FAE04EC0-301F-11D3-BF4B-00C04F79EFBC}") = "Concept.Infrastructure.Common", "Concept.Infrastructure.Common\Concept.Infrastructure.Common.csproj", "{FA00622C-F501-49D6-92AA-799EBD0DEDB7}"
EndProject
Project("{FAE04EC0-301F-11D3-BF4B-00C04F79EFBC}") = "Concept.Domain", "Concept.Domain\Concept.Domain.csproj", "{E43FC308-36D3-4440-9403-892592B5F6DF}"
EndProject
Project("{FAE04EC0-301F-11D3-BF4B-00C04F79EFBC}") = "Concept.Repository.EF", "Concept.Repository.EF\Concept.Repository.EF.csproj", "{A8E9C4B1-89F0-4B57-855A-33C3E99F6E61}"
EndProject
Project("{FAE04EC0-301F-11D3-BF4B-00C04F79EFBC}") = "Concept.Application.Service", "Concept.Application.Service\Concept.Application.Service.csproj", "{001CA550-2CC9-4B7F-8627-0175619E16A8}"
EndProject
Project("{FAE04EC0-301F-11D3-BF4B-00C04F79EFBC}") = "Concept.WebAPI", "Concept.WebAPI\Concept.WebAPI.csproj", "{9BD44E34-1901-4A1D-8828-A19F84A457B7}"
EndProject
Global
	GlobalSection(SolutionConfigurationPlatforms) = preSolution
		Debug|Any CPU = Debug|Any CPU
		Release|Any CPU = Release|Any CPU
	EndGlobalSection
	GlobalSection(ProjectConfigurationPlatforms) = postSolution
		{F17BC0CA-1A01-457D-8562-146D0B59D2EE}.Debug|Any CPU.ActiveCfg = Debug|Any CPU
		{F17BC0CA-1A01-457D-8562-146D0B59D2EE}.Debug|Any CPU.Build.0 = Debug|Any CPU
		{F17BC0CA-1A01-457D-8562-146D0B59D2EE}.Release|Any CPU.ActiveCfg = Release|Any CPU
		{F17BC0CA-1A01-457D-8562-146D0B59D2EE}.Release|Any CPU.Build.0 = Release|Any CPU
		{FA00622C-F501-49D6-92AA-799EBD0DEDB7}.Debug|Any CPU.ActiveCfg = Debug|Any CPU
		{FA00622C-F501-49D6-92AA-799EBD0DEDB7}.Debug|Any CPU.Build.0 = Debug|Any CPU
		{FA00622C-F501-49D6-92AA-799EBD0DEDB7}.Release|Any CPU.ActiveCfg = Release|Any CPU
		{FA00622C-F501-49D6-92AA-799EBD0DEDB7}.Release|Any CPU.Build.0 = Release|Any CPU
		{E43FC308-36D3-4440-9403-892592B5F6DF}.Debug|Any CPU.ActiveCfg = Debug|Any CPU
		{E43FC308-36D3-4440-9403-892592B5F6DF}.Debug|Any CPU.Build.0 = Debug|Any CPU
		{E43FC308-36D3-4440-9403-892592B5F6DF}.Release|Any CPU.ActiveCfg = Release|Any CPU
		{E43FC308-36D3-4440-9403-892592B5F6DF}.Release|Any CPU.Build.0 = Release|Any CPU
		{A8E9C4B1-89F0-4B57-855A-33C3E99F6E61}.Debug|Any CPU.ActiveCfg = Debug|Any CPU
		{A8E9C4B1-89F0-4B57-855A-33C3E99F6E61}.Debug|Any CPU.Build.0 = Debug|Any CPU
		{A8E9C4B1-89F0-4B57-855A-33C3E99F6E61}.Release|Any CPU.ActiveCfg = Release|Any CPU
		{A8E9C4B1-89F0-4B57-855A-33C3E99F6E61}.Release|Any CPU.Build.0 = Release|Any CPU
		{001CA550-2CC9-4B7F-8627-0175619E16A8}.Debug|Any CPU.ActiveCfg = Debug|Any CPU
		{001CA550-2CC9-4B7F-8627-0175619E16A8}.Debug|Any CPU.Build.0 = Debug|Any CPU
		{001CA550-2CC9-4B7F-8627-0175619E16A8}.Release|Any CPU.ActiveCfg = Release|Any CPU
		{001CA550-2CC9-4B7F-8627-0175619E16A8}.Release|Any CPU.Build.0 = Release|Any CPU
		{9BD44E34-1901-4A1D-8828-A19F84A457B7}.Debug|Any CPU.ActiveCfg = Debug|Any CPU
		{9BD44E34-1901-4A1D-8828-A19F84A457B7}.Debug|Any CPU.Build.0 = Debug|Any CPU
		{9BD44E34-1901-4A1D-8828-A19F84A457B7}.Release|Any CPU.ActiveCfg = Release|Any CPU
		{9BD44E34-1901-4A1D-8828-A19F84A457B7}.Release|Any CPU.Build.0 = Release|Any CPU
	EndGlobalSection
	GlobalSection(SolutionProperties) = preSolution
		HideSolutionNode = FALSE
	EndGlobalSection
EndGlobal
